
Microsoft Visual Studio Solution File, Format Version 12.00
# Visual Studio Version 16
VisualStudioVersion = 16.0.29215.179
MinimumVisualStudioVersion = 10.0.40219.1
Project("{FAE04EC0-301F-11D3-BF4B-00C04F79EFBC}") = "TicTacToe", "TicTacToe.csproj", "{06D80E13-5390-43E9-B938-057C7CFD7F69}"
EndProject
Global
	GlobalSection(SolutionConfigurationPlatforms) = preSolution
		Debug|Any CPU = Debug|Any CPU
		Release|Any CPU = Release|Any CPU
	EndGlobalSection
	GlobalSection(ProjectConfigurationPlatforms) = postSolution
		{06D80E13-5390-43E9-B938-057C7CFD7F69}.Debug|Any CPU.ActiveCfg = Debug|Any CPU
		{06D80E13-5390-43E9-B938-057C7CFD7F69}.Debug|Any CPU.Build.0 = Debug|Any CPU
		{06D80E13-5390-43E9-B938-057C7CFD7F69}.Release|Any CPU.ActiveCfg = Release|Any CPU
		{06D80E13-5390-43E9-B938-057C7CFD7F69}.Release|Any CPU.Build.0 = Release|Any CPU
	EndGlobalSection
	GlobalSection(SolutionProperties) = preSolution
		HideSolutionNode = FALSE
	EndGlobalSection
	GlobalSection(ExtensibilityGlobals) = postSolution
		SolutionGuid = {C9A3A5EF-8260-4771-B861-44CCDFA92965}
	EndGlobalSection
EndGlobal
